
Microsoft Visual Studio Solution File, Format Version 12.00
# Visual Studio Version 17
VisualStudioVersion = 17.14.36310.24
MinimumVisualStudioVersion = 10.0.40219.1
Project("{FAE04EC0-301F-11D3-BF4B-00C04F79EFBC}") = "DentalHealthFollow-Up.MAUI", "DentalHealthFollow-Up\DentalHealthFollow-Up.MAUI.csproj", "{158EB15C-7431-4186-B9F1-624641B651AA}"
	ProjectSection(ProjectDependencies) = postProject
		{A4563C63-A8C2-424F-A9CC-FFAE71EC5302} = {A4563C63-A8C2-424F-A9CC-FFAE71EC5302}
		{C337C875-7402-8EB7-1213-ADD297F7D341} = {C337C875-7402-8EB7-1213-ADD297F7D341}
		{D1C81A9D-25FF-4C27-8D67-D4183BC70EDE} = {D1C81A9D-25FF-4C27-8D67-D4183BC70EDE}
		{D45C49EE-F756-69DD-1390-622CEF5A0399} = {D45C49EE-F756-69DD-1390-622CEF5A0399}
	EndProjectSection
EndProject
Project("{FAE04EC0-301F-11D3-BF4B-00C04F79EFBC}") = "DentalHealthFollow-Up.Helper", "DentalHealthFollow-Up.Helper\DentalHealthFollow-Up.Helper.csproj", "{D1C81A9D-25FF-4C27-8D67-D4183BC70EDE}"
EndProject
Project("{FAE04EC0-301F-11D3-BF4B-00C04F79EFBC}") = "DentalHealthFollow_Up.API", "DentalHealthFollow_Up.API\DentalHealthFollow_Up.API.csproj", "{A4563C63-A8C2-424F-A9CC-FFAE71EC5302}"
EndProject
Project("{FAE04EC0-301F-11D3-BF4B-00C04F79EFBC}") = "DentalHealthFollow-Up.Business", "DentalHealthFollow-Up.Business\DentalHealthFollow-Up.Business.csproj", "{2589542E-B4F1-B0C4-74D5-18869971E078}"
EndProject
Project("{FAE04EC0-301F-11D3-BF4B-00C04F79EFBC}") = "DentalHealthFollow-Up.Entities", "DentalHealthFollow-Up.Entities\DentalHealthFollow-Up.Entities.csproj", "{D45C49EE-F756-69DD-1390-622CEF5A0399}"
EndProject
Project("{FAE04EC0-301F-11D3-BF4B-00C04F79EFBC}") = "DentalHealthFollow-Up.DataAccess", "DentalHealthFollow-Up.DataAccess\DentalHealthFollow-Up.DataAccess.csproj", "{C337C875-7402-8EB7-1213-ADD297F7D341}"
EndProject
Project("{FAE04EC0-301F-11D3-BF4B-00C04F79EFBC}") = "DentalHealthFollow-Up.ConsoleApp", "DentalHealthFollow-Up.ConsoleApp\DentalHealthFollow-Up.ConsoleApp.csproj", "{E6FA9CB7-4459-1BBD-C5DC-4AB6CDF6A5BD}"
EndProject
Project("{FAE04EC0-301F-11D3-BF4B-00C04F79EFBC}") = "DentalHealthFollow_Up.Shared", "DentalHealthFollow_Up.Shared\DentalHealthFollow_Up.Shared.csproj", "{EA9F4A3C-F0E3-40EF-A154-3FA2D2A059D4}"
EndProject
Global
	GlobalSection(SolutionConfigurationPlatforms) = preSolution
		Debug|Any CPU = Debug|Any CPU
		Release|Any CPU = Release|Any CPU
	EndGlobalSection
	GlobalSection(ProjectConfigurationPlatforms) = postSolution
		{158EB15C-7431-4186-B9F1-624641B651AA}.Debug|Any CPU.ActiveCfg = Debug|Any CPU
		{158EB15C-7431-4186-B9F1-624641B651AA}.Debug|Any CPU.Build.0 = Debug|Any CPU
		{158EB15C-7431-4186-B9F1-624641B651AA}.Debug|Any CPU.Deploy.0 = Debug|Any CPU
		{158EB15C-7431-4186-B9F1-624641B651AA}.Release|Any CPU.ActiveCfg = Release|Any CPU
		{158EB15C-7431-4186-B9F1-624641B651AA}.Release|Any CPU.Build.0 = Release|Any CPU
		{158EB15C-7431-4186-B9F1-624641B651AA}.Release|Any CPU.Deploy.0 = Release|Any CPU
		{D1C81A9D-25FF-4C27-8D67-D4183BC70EDE}.Debug|Any CPU.ActiveCfg = Debug|Any CPU
		{D1C81A9D-25FF-4C27-8D67-D4183BC70EDE}.Debug|Any CPU.Build.0 = Debug|Any CPU
		{D1C81A9D-25FF-4C27-8D67-D4183BC70EDE}.Release|Any CPU.ActiveCfg = Release|Any CPU
		{D1C81A9D-25FF-4C27-8D67-D4183BC70EDE}.Release|Any CPU.Build.0 = Release|Any CPU
		{A4563C63-A8C2-424F-A9CC-FFAE71EC5302}.Debug|Any CPU.ActiveCfg = Debug|Any CPU
		{A4563C63-A8C2-424F-A9CC-FFAE71EC5302}.Debug|Any CPU.Build.0 = Debug|Any CPU
		{A4563C63-A8C2-424F-A9CC-FFAE71EC5302}.Release|Any CPU.ActiveCfg = Release|Any CPU
		{A4563C63-A8C2-424F-A9CC-FFAE71EC5302}.Release|Any CPU.Build.0 = Release|Any CPU
		{2589542E-B4F1-B0C4-74D5-18869971E078}.Debug|Any CPU.ActiveCfg = Debug|Any CPU
		{2589542E-B4F1-B0C4-74D5-18869971E078}.Debug|Any CPU.Build.0 = Debug|Any CPU
		{2589542E-B4F1-B0C4-74D5-18869971E078}.Release|Any CPU.ActiveCfg = Release|Any CPU
		{2589542E-B4F1-B0C4-74D5-18869971E078}.Release|Any CPU.Build.0 = Release|Any CPU
		{D45C49EE-F756-69DD-1390-622CEF5A0399}.Debug|Any CPU.ActiveCfg = Debug|Any CPU
		{D45C49EE-F756-69DD-1390-622CEF5A0399}.Debug|Any CPU.Build.0 = Debug|Any CPU
		{D45C49EE-F756-69DD-1390-622CEF5A0399}.Release|Any CPU.ActiveCfg = Release|Any CPU
		{D45C49EE-F756-69DD-1390-622CEF5A0399}.Release|Any CPU.Build.0 = Release|Any CPU
		{C337C875-7402-8EB7-1213-ADD297F7D341}.Debug|Any CPU.ActiveCfg = Debug|Any CPU
		{C337C875-7402-8EB7-1213-ADD297F7D341}.Debug|Any CPU.Build.0 = Debug|Any CPU
		{C337C875-7402-8EB7-1213-ADD297F7D341}.Release|Any CPU.ActiveCfg = Release|Any CPU
		{C337C875-7402-8EB7-1213-ADD297F7D341}.Release|Any CPU.Build.0 = Release|Any CPU
		{E6FA9CB7-4459-1BBD-C5DC-4AB6CDF6A5BD}.Debug|Any CPU.ActiveCfg = Debug|Any CPU
		{E6FA9CB7-4459-1BBD-C5DC-4AB6CDF6A5BD}.Debug|Any CPU.Build.0 = Debug|Any CPU
		{E6FA9CB7-4459-1BBD-C5DC-4AB6CDF6A5BD}.Release|Any CPU.ActiveCfg = Release|Any CPU
		{E6FA9CB7-4459-1BBD-C5DC-4AB6CDF6A5BD}.Release|Any CPU.Build.0 = Release|Any CPU
		{EA9F4A3C-F0E3-40EF-A154-3FA2D2A059D4}.Debug|Any CPU.ActiveCfg = Debug|Any CPU
		{EA9F4A3C-F0E3-40EF-A154-3FA2D2A059D4}.Debug|Any CPU.Build.0 = Debug|Any CPU
		{EA9F4A3C-F0E3-40EF-A154-3FA2D2A059D4}.Release|Any CPU.ActiveCfg = Release|Any CPU
		{EA9F4A3C-F0E3-40EF-A154-3FA2D2A059D4}.Release|Any CPU.Build.0 = Release|Any CPU
	EndGlobalSection
	GlobalSection(SolutionProperties) = preSolution
		HideSolutionNode = FALSE
	EndGlobalSection
	GlobalSection(ExtensibilityGlobals) = postSolution
		SolutionGuid = {73DA725A-AF64-445A-98CC-9BE12377B05B}
	EndGlobalSection
EndGlobal
